// !$*UTF8*$!
{
	archiveVersion = 1;
	classes = {
	};
	objectVersion = 55;
	objects = {

/* Begin PBXBuildFile section */
		7F4D62D52999311300195168 /* CMWeather41App.swift in Sources */ = {isa = PBXBuildFile; fileRef = 7F4D62D42999311300195168 /* CMWeather41App.swift */; };
		7F4D62D72999311300195168 /* ContentView.swift in Sources */ = {isa = PBXBuildFile; fileRef = 7F4D62D62999311300195168 /* ContentView.swift */; };
		7F4D62D92999311500195168 /* Assets.xcassets in Resources */ = {isa = PBXBuildFile; fileRef = 7F4D62D82999311500195168 /* Assets.xcassets */; };
		7F4D62DC2999311500195168 /* Preview Assets.xcassets in Resources */ = {isa = PBXBuildFile; fileRef = 7F4D62DB2999311500195168 /* Preview Assets.xcassets */; };
		7F4D62E4299932FC00195168 /* ContentViewModel.swift in Sources */ = {isa = PBXBuildFile; fileRef = 7F4D62E3299932FC00195168 /* ContentViewModel.swift */; };
		7F4D62E6299933D700195168 /* Fetcher.swift in Sources */ = {isa = PBXBuildFile; fileRef = 7F4D62E5299933D700195168 /* Fetcher.swift */; };
		7F4D62E829993CA800195168 /* ResponseWeather.swift in Sources */ = {isa = PBXBuildFile; fileRef = 7F4D62E729993CA800195168 /* ResponseWeather.swift */; };
		7F4D62EA29993E5100195168 /* weatherData.json in Resources */ = {isa = PBXBuildFile; fileRef = 7F4D62E929993E5100195168 /* weatherData.json */; };
		7F78339D299A67B7000F59C3 /* WeatherRow.swift in Sources */ = {isa = PBXBuildFile; fileRef = 7F78339C299A67B7000F59C3 /* WeatherRow.swift */; };
		7F78339F299A6870000F59C3 /* NavigationView.swift in Sources */ = {isa = PBXBuildFile; fileRef = 7F78339E299A6870000F59C3 /* NavigationView.swift */; };
/* End PBXBuildFile section */

/* Begin PBXFileReference section */
		7F4D62D12999311300195168 /* CMWeather41.app */ = {isa = PBXFileReference; explicitFileType = wrapper.application; includeInIndex = 0; path = CMWeather41.app; sourceTree = BUILT_PRODUCTS_DIR; };
		7F4D62D42999311300195168 /* CMWeather41App.swift */ = {isa = PBXFileReference; lastKnownFileType = sourcecode.swift; path = CMWeather41App.swift; sourceTree = "<group>"; };
		7F4D62D62999311300195168 /* ContentView.swift */ = {isa = PBXFileReference; lastKnownFileType = sourcecode.swift; path = ContentView.swift; sourceTree = "<group>"; };
		7F4D62D82999311500195168 /* Assets.xcassets */ = {isa = PBXFileReference; lastKnownFileType = folder.assetcatalog; path = Assets.xcassets; sourceTree = "<group>"; };
		7F4D62DB2999311500195168 /* Preview Assets.xcassets */ = {isa = PBXFileReference; lastKnownFileType = folder.assetcatalog; path = "Preview Assets.xcassets"; sourceTree = "<group>"; };
		7F4D62E3299932FC00195168 /* ContentViewModel.swift */ = {isa = PBXFileReference; lastKnownFileType = sourcecode.swift; path = ContentViewModel.swift; sourceTree = "<group>"; };
		7F4D62E5299933D700195168 /* Fetcher.swift */ = {isa = PBXFileReference; lastKnownFileType = sourcecode.swift; path = Fetcher.swift; sourceTree = "<group>"; };
		7F4D62E729993CA800195168 /* ResponseWeather.swift */ = {isa = PBXFileReference; lastKnownFileType = sourcecode.swift; path = ResponseWeather.swift; sourceTree = "<group>"; };
		7F4D62E929993E5100195168 /* weatherData.json */ = {isa = PBXFileReference; lastKnownFileType = text.json; path = weatherData.json; sourceTree = "<group>"; };
		7F78339C299A67B7000F59C3 /* WeatherRow.swift */ = {isa = PBXFileReference; lastKnownFileType = sourcecode.swift; path = WeatherRow.swift; sourceTree = "<group>"; };
		7F78339E299A6870000F59C3 /* NavigationView.swift */ = {isa = PBXFileReference; lastKnownFileType = sourcecode.swift; path = NavigationView.swift; sourceTree = "<group>"; };
/* End PBXFileReference section */

/* Begin PBXFrameworksBuildPhase section */
		7F4D62CE2999311300195168 /* Frameworks */ = {
			isa = PBXFrameworksBuildPhase;
			buildActionMask = 2147483647;
			files = (
			);
			runOnlyForDeploymentPostprocessing = 0;
		};
/* End PBXFrameworksBuildPhase section */

/* Begin PBXGroup section */
		7F4D62C82999311300195168 = {
			isa = PBXGroup;
			children = (
				7F4D62D32999311300195168 /* CMWeather41 */,
				7F4D62D22999311300195168 /* Products */,
			);
			sourceTree = "<group>";
		};
		7F4D62D22999311300195168 /* Products */ = {
			isa = PBXGroup;
			children = (
				7F4D62D12999311300195168 /* CMWeather41.app */,
			);
			name = Products;
			sourceTree = "<group>";
		};
		7F4D62D32999311300195168 /* CMWeather41 */ = {
			isa = PBXGroup;
			children = (
				7F4D62D42999311300195168 /* CMWeather41App.swift */,
				7F90E7D2299B363200066783 /* Model */,
				7F4D62E2299932E700195168 /* View */,
				7F78339B299A679C000F59C3 /* ViewModel */,
				7F4D62E929993E5100195168 /* weatherData.json */,
				7F4D62D82999311500195168 /* Assets.xcassets */,
				7F4D62DA2999311500195168 /* Preview Content */,
			);
			path = CMWeather41;
			sourceTree = "<group>";
		};
		7F4D62DA2999311500195168 /* Preview Content */ = {
			isa = PBXGroup;
			children = (
				7F4D62DB2999311500195168 /* Preview Assets.xcassets */,
			);
			path = "Preview Content";
			sourceTree = "<group>";
		};
		7F4D62E2299932E700195168 /* View */ = {
			isa = PBXGroup;
			children = (
				7F4D62E3299932FC00195168 /* ContentViewModel.swift */,
				7F4D62D62999311300195168 /* ContentView.swift */,
			);
			path = View;
			sourceTree = "<group>";
		};
		7F78339B299A679C000F59C3 /* ViewModel */ = {
			isa = PBXGroup;
			children = (
				7F78339E299A6870000F59C3 /* NavigationView.swift */,
				7F78339C299A67B7000F59C3 /* WeatherRow.swift */,
			);
			path = ViewModel;
			sourceTree = "<group>";
		};
		7F90E7D2299B363200066783 /* Model */ = {
			isa = PBXGroup;
			children = (
				7F4D62E5299933D700195168 /* Fetcher.swift */,
				7F4D62E729993CA800195168 /* ResponseWeather.swift */,
			);
			path = Model;
			sourceTree = "<group>";
		};
/* End PBXGroup section */

/* Begin PBXNativeTarget section */
		7F4D62D02999311300195168 /* CMWeather41 */ = {
			isa = PBXNativeTarget;
			buildConfigurationList = 7F4D62DF2999311500195168 /* Build configuration list for PBXNativeTarget "CMWeather41" */;
			buildPhases = (
				7F4D62CD2999311300195168 /* Sources */,
				7F4D62CE2999311300195168 /* Frameworks */,
				7F4D62CF2999311300195168 /* Resources */,
			);
			buildRules = (
			);
			dependencies = (
			);
			name = CMWeather41;
			productName = CMWeather41;
			productReference = 7F4D62D12999311300195168 /* CMWeather41.app */;
			productType = "com.apple.product-type.application";
		};
/* End PBXNativeTarget section */

/* Begin PBXProject section */
		7F4D62C92999311300195168 /* Project object */ = {
			isa = PBXProject;
			attributes = {
				BuildIndependentTargetsInParallel = 1;
				LastSwiftUpdateCheck = 1340;
				LastUpgradeCheck = 1340;
				TargetAttributes = {
					7F4D62D02999311300195168 = {
						CreatedOnToolsVersion = 13.4.1;
					};
				};
			};
			buildConfigurationList = 7F4D62CC2999311300195168 /* Build configuration list for PBXProject "CMWeather41" */;
			compatibilityVersion = "Xcode 13.0";
			developmentRegion = en;
			hasScannedForEncodings = 0;
			knownRegions = (
				en,
				Base,
			);
			mainGroup = 7F4D62C82999311300195168;
			productRefGroup = 7F4D62D22999311300195168 /* Products */;
			projectDirPath = "";
			projectRoot = "";
			targets = (
				7F4D62D02999311300195168 /* CMWeather41 */,
			);
		};
/* End PBXProject section */

/* Begin PBXResourcesBuildPhase section */
		7F4D62CF2999311300195168 /* Resources */ = {
			isa = PBXResourcesBuildPhase;
			buildActionMask = 2147483647;
			files = (
				7F4D62DC2999311500195168 /* Preview Assets.xcassets in Resources */,
				7F4D62EA29993E5100195168 /* weatherData.json in Resources */,
				7F4D62D92999311500195168 /* Assets.xcassets in Resources */,
			);
			runOnlyForDeploymentPostprocessing = 0;
		};
/* End PBXResourcesBuildPhase section */

/* Begin PBXSourcesBuildPhase section */
		7F4D62CD2999311300195168 /* Sources */ = {
			isa = PBXSourcesBuildPhase;
			buildActionMask = 2147483647;
			files = (
				7F78339F299A6870000F59C3 /* NavigationView.swift in Sources */,
				7F4D62D72999311300195168 /* ContentView.swift in Sources */,
				7F4D62E829993CA800195168 /* ResponseWeather.swift in Sources */,
				7F4D62E6299933D700195168 /* Fetcher.swift in Sources */,
				7F78339D299A67B7000F59C3 /* WeatherRow.swift in Sources */,
				7F4D62E4299932FC00195168 /* ContentViewModel.swift in Sources */,
				7F4D62D52999311300195168 /* CMWeather41App.swift in Sources */,
			);
			runOnlyForDeploymentPostprocessing = 0;
		};
/* End PBXSourcesBuildPhase section */

/* Begin XCBuildConfiguration section */
		7F4D62DD2999311500195168 /* Debug */ = {
			isa = XCBuildConfiguration;
			buildSettings = {
				ALWAYS_SEARCH_USER_PATHS = NO;
				CLANG_ANALYZER_NONNULL = YES;
				CLANG_ANALYZER_NUMBER_OBJECT_CONVERSION = YES_AGGRESSIVE;
				CLANG_CXX_LANGUAGE_STANDARD = "gnu++17";
				CLANG_ENABLE_MODULES = YES;
				CLANG_ENABLE_OBJC_ARC = YES;
				CLANG_ENABLE_OBJC_WEAK = YES;
				CLANG_WARN_BLOCK_CAPTURE_AUTORELEASING = YES;
				CLANG_WARN_BOOL_CONVERSION = YES;
				CLANG_WARN_COMMA = YES;
				CLANG_WARN_CONSTANT_CONVERSION = YES;
				CLANG_WARN_DEPRECATED_OBJC_IMPLEMENTATIONS = YES;
				CLANG_WARN_DIRECT_OBJC_ISA_USAGE = YES_ERROR;
				CLANG_WARN_DOCUMENTATION_COMMENTS = YES;
				CLANG_WARN_EMPTY_BODY = YES;
				CLANG_WARN_ENUM_CONVERSION = YES;
				CLANG_WARN_INFINITE_RECURSION = YES;
				CLANG_WARN_INT_CONVERSION = YES;
				CLANG_WARN_NON_LITERAL_NULL_CONVERSION = YES;
				CLANG_WARN_OBJC_IMPLICIT_RETAIN_SELF = YES;
				CLANG_WARN_OBJC_LITERAL_CONVERSION = YES;
				CLANG_WARN_OBJC_ROOT_CLASS = YES_ERROR;
				CLANG_WARN_QUOTED_INCLUDE_IN_FRAMEWORK_HEADER = YES;
				CLANG_WARN_RANGE_LOOP_ANALYSIS = YES;
				CLANG_WARN_STRICT_PROTOTYPES = YES;
				CLANG_WARN_SUSPICIOUS_MOVE = YES;
				CLANG_WARN_UNGUARDED_AVAILABILITY = YES_AGGRESSIVE;
				CLANG_WARN_UNREACHABLE_CODE = YES;
				CLANG_WARN__DUPLICATE_METHOD_MATCH = YES;
				COPY_PHASE_STRIP = NO;
				DEBUG_INFORMATION_FORMAT = dwarf;
				ENABLE_STRICT_OBJC_MSGSEND = YES;
				ENABLE_TESTABILITY = YES;
				GCC_C_LANGUAGE_STANDARD = gnu11;
				GCC_DYNAMIC_NO_PIC = NO;
				GCC_NO_COMMON_BLOCKS = YES;
				GCC_OPTIMIZATION_LEVEL = 0;
				GCC_PREPROCESSOR_DEFINITIONS = (
					"DEBUG=1",
					"$(inherited)",
				);
				GCC_WARN_64_TO_32_BIT_CONVERSION = YES;
				GCC_WARN_ABOUT_RETURN_TYPE = YES_ERROR;
				GCC_WARN_UNDECLARED_SELECTOR = YES;
				GCC_WARN_UNINITIALIZED_AUTOS = YES_AGGRESSIVE;
				GCC_WARN_UNUSED_FUNCTION = YES;
				GCC_WARN_UNUSED_VARIABLE = YES;
				IPHONEOS_DEPLOYMENT_TARGET = 15.5;
				MTL_ENABLE_DEBUG_INFO = INCLUDE_SOURCE;
				MTL_FAST_MATH = YES;
				ONLY_ACTIVE_ARCH = YES;
				SDKROOT = iphoneos;
				SWIFT_ACTIVE_COMPILATION_CONDITIONS = DEBUG;
				SWIFT_OPTIMIZATION_LEVEL = "-Onone";
			};
			name = Debug;
		};
		7F4D62DE2999311500195168 /* Release */ = {
			isa = XCBuildConfiguration;
			buildSettings = {
				ALWAYS_SEARCH_USER_PATHS = NO;
				CLANG_ANALYZER_NONNULL = YES;
				CLANG_ANALYZER_NUMBER_OBJECT_CONVERSION = YES_AGGRESSIVE;
				CLANG_CXX_LANGUAGE_STANDARD = "gnu++17";
				CLANG_ENABLE_MODULES = YES;
				CLANG_ENABLE_OBJC_ARC = YES;
				CLANG_ENABLE_OBJC_WEAK = YES;
				CLANG_WARN_BLOCK_CAPTURE_AUTORELEASING = YES;
				CLANG_WARN_BOOL_CONVERSION = YES;
				CLANG_WARN_COMMA = YES;
				CLANG_WARN_CONSTANT_CONVERSION = YES;
				CLANG_WARN_DEPRECATED_OBJC_IMPLEMENTATIONS = YES;
				CLANG_WARN_DIRECT_OBJC_ISA_USAGE = YES_ERROR;
				CLANG_WARN_DOCUMENTATION_COMMENTS = YES;
				CLANG_WARN_EMPTY_BODY = YES;
				CLANG_WARN_ENUM_CONVERSION = YES;
				CLANG_WARN_INFINITE_RECURSION = YES;
				CLANG_WARN_INT_CONVERSION = YES;
				CLANG_WARN_NON_LITERAL_NULL_CONVERSION = YES;
				CLANG_WARN_OBJC_IMPLICIT_RETAIN_SELF = YES;
				CLANG_WARN_OBJC_LITERAL_CONVERSION = YES;
				CLANG_WARN_OBJC_ROOT_CLASS = YES_ERROR;
				CLANG_WARN_QUOTED_INCLUDE_IN_FRAMEWORK_HEADER = YES;
				CLANG_WARN_RANGE_LOOP_ANALYSIS = YES;
				CLANG_WARN_STRICT_PROTOTYPES = YES;
				CLANG_WARN_SUSPICIOUS_MOVE = YES;
				CLANG_WARN_UNGUARDED_AVAILABILITY = YES_AGGRESSIVE;
				CLANG_WARN_UNREACHABLE_CODE = YES;
				CLANG_WARN__DUPLICATE_METHOD_MATCH = YES;
				COPY_PHASE_STRIP = NO;
				DEBUG_INFORMATION_FORMAT = "dwarf-with-dsym";
				ENABLE_NS_ASSERTIONS = NO;
				ENABLE_STRICT_OBJC_MSGSEND = YES;
				GCC_C_LANGUAGE_STANDARD = gnu11;
				GCC_NO_COMMON_BLOCKS = YES;
				GCC_WARN_64_TO_32_BIT_CONVERSION = YES;
				GCC_WARN_ABOUT_RETURN_TYPE = YES_ERROR;
				GCC_WARN_UNDECLARED_SELECTOR = YES;
				GCC_WARN_UNINITIALIZED_AUTOS = YES_AGGRESSIVE;
				GCC_WARN_UNUSED_FUNCTION = YES;
				GCC_WARN_UNUSED_VARIABLE = YES;
				IPHONEOS_DEPLOYMENT_TARGET = 15.5;
				MTL_ENABLE_DEBUG_INFO = NO;
				MTL_FAST_MATH = YES;
				SDKROOT = iphoneos;
				SWIFT_COMPILATION_MODE = wholemodule;
				SWIFT_OPTIMIZATION_LEVEL = "-O";
				VALIDATE_PRODUCT = YES;
			};
			name = Release;
		};
		7F4D62E02999311500195168 /* Debug */ = {
			isa = XCBuildConfiguration;
			buildSettings = {
				ASSETCATALOG_COMPILER_APPICON_NAME = AppIcon;
				ASSETCATALOG_COMPILER_GLOBAL_ACCENT_COLOR_NAME = AccentColor;
				CODE_SIGN_STYLE = Automatic;
				CURRENT_PROJECT_VERSION = 1;
				DEVELOPMENT_ASSET_PATHS = "\"CMWeather41/Preview Content\"";
				DEVELOPMENT_TEAM = GH6N243BSG;
				ENABLE_PREVIEWS = YES;
				GENERATE_INFOPLIST_FILE = YES;
				INFOPLIST_KEY_UIApplicationSceneManifest_Generation = YES;
				INFOPLIST_KEY_UIApplicationSupportsIndirectInputEvents = YES;
				INFOPLIST_KEY_UILaunchScreen_Generation = YES;
				INFOPLIST_KEY_UISupportedInterfaceOrientations_iPad = "UIInterfaceOrientationPortrait UIInterfaceOrientationPortraitUpsideDown UIInterfaceOrientationLandscapeLeft UIInterfaceOrientationLandscapeRight";
				INFOPLIST_KEY_UISupportedInterfaceOrientations_iPhone = "UIInterfaceOrientationPortrait UIInterfaceOrientationLandscapeLeft UIInterfaceOrientationLandscapeRight";
				LD_RUNPATH_SEARCH_PATHS = (
					"$(inherited)",
					"@executable_path/Frameworks",
				);
				MARKETING_VERSION = 1.0;
				PRODUCT_BUNDLE_IDENTIFIER = jp.ac.jec.cm.CMWeather41;
				PRODUCT_NAME = "$(TARGET_NAME)";
				SWIFT_EMIT_LOC_STRINGS = YES;
				SWIFT_VERSION = 5.0;
				TARGETED_DEVICE_FAMILY = "1,2";
			};
			name = Debug;
		};
		7F4D62E12999311500195168 /* Release */ = {
			isa = XCBuildConfiguration;
			buildSettings = {
				ASSETCATALOG_COMPILER_APPICON_NAME = AppIcon;
				ASSETCATALOG_COMPILER_GLOBAL_ACCENT_COLOR_NAME = AccentColor;
				CODE_SIGN_STYLE = Automatic;
				CURRENT_PROJECT_VERSION = 1;
				DEVELOPMENT_ASSET_PATHS = "\"CMWeather41/Preview Content\"";
				DEVELOPMENT_TEAM = GH6N243BSG;
				ENABLE_PREVIEWS = YES;
				GENERATE_INFOPLIST_FILE = YES;
				INFOPLIST_KEY_UIApplicationSceneManifest_Generation = YES;
				INFOPLIST_KEY_UIApplicationSupportsIndirectInputEvents = YES;
				INFOPLIST_KEY_UILaunchScreen_Generation = YES;
				INFOPLIST_KEY_UISupportedInterfaceOrientations_iPad = "UIInterfaceOrientationPortrait UIInterfaceOrientationPortraitUpsideDown UIInterfaceOrientationLandscapeLeft UIInterfaceOrientationLandscapeRight";
				INFOPLIST_KEY_UISupportedInterfaceOrientations_iPhone = "UIInterfaceOrientationPortrait UIInterfaceOrientationLandscapeLeft UIInterfaceOrientationLandscapeRight";
				LD_RUNPATH_SEARCH_PATHS = (
					"$(inherited)",
					"@executable_path/Frameworks",
				);
				MARKETING_VERSION = 1.0;
				PRODUCT_BUNDLE_IDENTIFIER = jp.ac.jec.cm.CMWeather41;
				PRODUCT_NAME = "$(TARGET_NAME)";
				SWIFT_EMIT_LOC_STRINGS = YES;
				SWIFT_VERSION = 5.0;
				TARGETED_DEVICE_FAMILY = "1,2";
			};
			name = Release;
		};
/* End XCBuildConfiguration section */

/* Begin XCConfigurationList section */
		7F4D62CC2999311300195168 /* Build configuration list for PBXProject "CMWeather41" */ = {
			isa = XCConfigurationList;
			buildConfigurations = (
				7F4D62DD2999311500195168 /* Debug */,
				7F4D62DE2999311500195168 /* Release */,
			);
			defaultConfigurationIsVisible = 0;
			defaultConfigurationName = Release;
		};
		7F4D62DF2999311500195168 /* Build configuration list for PBXNativeTarget "CMWeather41" */ = {
			isa = XCConfigurationList;
			buildConfigurations = (
				7F4D62E02999311500195168 /* Debug */,
				7F4D62E12999311500195168 /* Release */,
			);
			defaultConfigurationIsVisible = 0;
			defaultConfigurationName = Release;
		};
/* End XCConfigurationList section */
	};
	rootObject = 7F4D62C92999311300195168 /* Project object */;
}
